
Microsoft Visual Studio Solution File, Format Version 12.00
# Visual Studio Version 17
VisualStudioVersion = 17.0.31903.59
MinimumVisualStudioVersion = 10.0.40219.1
Project("{2150E333-8FDC-42A3-9474-1A3956D46DE8}") = "1-QuickStart", "1-QuickStart", "{CE81C782-5D38-4868-B0AC-4825C3E93046}"
EndProject
Project("{FAE04EC0-301F-11D3-BF4B-00C04F79EFBC}") = "Sender", "1-QuickStart\Sender\Sender.csproj", "{DBDB98C3-083C-4FBC-9890-47E9E2C085B6}"
EndProject
Project("{2150E333-8FDC-42A3-9474-1A3956D46DE8}") = "0-SharedCode", "0-SharedCode", "{707EB67C-C84B-44D7-A257-3BD21A41604E}"
EndProject
Project("{FAE04EC0-301F-11D3-BF4B-00C04F79EFBC}") = "Messages", "0-SharedCode\Messages\Messages.csproj", "{14957561-A724-4901-A083-112BA7E17EB8}"
EndProject
Project("{FAE04EC0-301F-11D3-BF4B-00C04F79EFBC}") = "Subscriber", "1-QuickStart\Subscriber\Subscriber.csproj", "{AFAE4863-C071-4F19-B2B9-CAAC6A46E135}"
EndProject
Project("{2150E333-8FDC-42A3-9474-1A3956D46DE8}") = "2-PublishAndSubscribe", "2-PublishAndSubscribe", "{E6BAE418-51AB-442C-B885-A9E38B3DCF5A}"
EndProject
Project("{2150E333-8FDC-42A3-9474-1A3956D46DE8}") = "PublisherWithConfirmation", "PublisherWithConfirmation", "{4FA71711-ADF2-4C11-B14D-62B7A5851C6A}"
EndProject
Project("{2150E333-8FDC-42A3-9474-1A3956D46DE8}") = "PolymorphicPublishAndSubscribe", "PolymorphicPublishAndSubscribe", "{585FDAD1-DAED-422F-A712-DF1B95A75247}"
EndProject
Project("{2150E333-8FDC-42A3-9474-1A3956D46DE8}") = "3-SendAndReceive", "3-SendAndReceive", "{C9E8FB7E-4EEC-45DD-8BAC-30D32EFEAED0}"
EndProject
Project("{2150E333-8FDC-42A3-9474-1A3956D46DE8}") = "4-TopicBasedRouting", "4-TopicBasedRouting", "{A66F2442-00A1-467E-8D62-6DF298DE993F}"
EndProject
Project("{2150E333-8FDC-42A3-9474-1A3956D46DE8}") = "PublishSubscribe", "PublishSubscribe", "{EB62F160-B802-456D-B367-F1186A713AAE}"
EndProject
Project("{FAE04EC0-301F-11D3-BF4B-00C04F79EFBC}") = "Receive", "3-SendAndReceive\Receive\Receive.csproj", "{86BF793F-CBD0-456E-AFCF-956256EFD4D8}"
EndProject
Project("{FAE04EC0-301F-11D3-BF4B-00C04F79EFBC}") = "ReceiveMultiple", "3-SendAndReceive\ReceiveMultiple\ReceiveMultiple.csproj", "{D0A383E6-261E-4809-B876-35910631A174}"
EndProject
Project("{FAE04EC0-301F-11D3-BF4B-00C04F79EFBC}") = "Send", "3-SendAndReceive\Send\Send.csproj", "{C843ADDA-E484-4C8E-88F7-0FFD6B848A07}"
EndProject
Project("{FAE04EC0-301F-11D3-BF4B-00C04F79EFBC}") = "AccountsTopicSubscriber", "4-TopicBasedOnRouting\AccountsTopicSubscriber\AccountsTopicSubscriber.csproj", "{66802FDE-46D6-493D-A6F0-CB9E0B529E6D}"
EndProject
Project("{FAE04EC0-301F-11D3-BF4B-00C04F79EFBC}") = "CardPaymentTopicSubscriber", "4-TopicBasedOnRouting\CardPaymentTopicSubscriber\CardPaymentTopicSubscriber.csproj", "{8CEF7DEA-B0AA-430C-96E0-A957A28F432A}"
EndProject
Project("{FAE04EC0-301F-11D3-BF4B-00C04F79EFBC}") = "PurchaseOrderTopicSubscriber", "4-TopicBasedOnRouting\PurchaseOrderTopicSubscriber\PurchaseOrderTopicSubscriber.csproj", "{44B08A14-EB0C-4A2E-A35C-FA6843ABBB7F}"
EndProject
Project("{FAE04EC0-301F-11D3-BF4B-00C04F79EFBC}") = "TopicPublisher", "4-TopicBasedOnRouting\TopicPublisher\TopicPublisher.csproj", "{6C0C52BE-9BC0-4B53-8045-D89E62E5EA63}"
EndProject
Project("{FAE04EC0-301F-11D3-BF4B-00C04F79EFBC}") = "PolymorphicPublish", "2-PublishAndSubscribe\2.1\PolymorphicPublish\PolymorphicPublish.csproj", "{6E71C1E2-656A-4BB4-9211-03511681E09F}"
EndProject
Project("{FAE04EC0-301F-11D3-BF4B-00C04F79EFBC}") = "PolymorphicSubscribe", "2-PublishAndSubscribe\2.1\PolymorphicSubscribe\PolymorphicSubscribe.csproj", "{ADBA45C6-F05E-4975-A5C1-BBCDB461BBD1}"
EndProject
Project("{FAE04EC0-301F-11D3-BF4B-00C04F79EFBC}") = "PublishConfirm", "2-PublishAndSubscribe\2.1\PublishConfirm\PublishConfirm.csproj", "{DDF5480B-BD1F-4933-98D5-153C036E2BA9}"
EndProject
Project("{FAE04EC0-301F-11D3-BF4B-00C04F79EFBC}") = "Publish", "2-PublishAndSubscribe\2.2\Publish\Publish.csproj", "{E261A01A-53A6-4DB8-B0DB-F87BD3B99270}"
EndProject
Project("{FAE04EC0-301F-11D3-BF4B-00C04F79EFBC}") = "Subscribe", "2-PublishAndSubscribe\2.2\Subscribe\Subscribe.csproj", "{493BFB79-342F-4FAB-90EB-7BF230D3C6BD}"
EndProject
Project("{FAE04EC0-301F-11D3-BF4B-00C04F79EFBC}") = "SubscribeAsync", "2-PublishAndSubscribe\2.2\SubscribeAsync\SubscribeAsync.csproj", "{F67A6E41-50C8-4C3B-B9EE-50E4FDC983B9}"
EndProject
Global
	GlobalSection(SolutionConfigurationPlatforms) = preSolution
		Debug|Any CPU = Debug|Any CPU
		Release|Any CPU = Release|Any CPU
	EndGlobalSection
	GlobalSection(SolutionProperties) = preSolution
		HideSolutionNode = FALSE
	EndGlobalSection
	GlobalSection(ProjectConfigurationPlatforms) = postSolution
		{DBDB98C3-083C-4FBC-9890-47E9E2C085B6}.Debug|Any CPU.ActiveCfg = Debug|Any CPU
		{DBDB98C3-083C-4FBC-9890-47E9E2C085B6}.Debug|Any CPU.Build.0 = Debug|Any CPU
		{DBDB98C3-083C-4FBC-9890-47E9E2C085B6}.Release|Any CPU.ActiveCfg = Release|Any CPU
		{DBDB98C3-083C-4FBC-9890-47E9E2C085B6}.Release|Any CPU.Build.0 = Release|Any CPU
		{14957561-A724-4901-A083-112BA7E17EB8}.Debug|Any CPU.ActiveCfg = Debug|Any CPU
		{14957561-A724-4901-A083-112BA7E17EB8}.Debug|Any CPU.Build.0 = Debug|Any CPU
		{14957561-A724-4901-A083-112BA7E17EB8}.Release|Any CPU.ActiveCfg = Release|Any CPU
		{14957561-A724-4901-A083-112BA7E17EB8}.Release|Any CPU.Build.0 = Release|Any CPU
		{AFAE4863-C071-4F19-B2B9-CAAC6A46E135}.Debug|Any CPU.ActiveCfg = Debug|Any CPU
		{AFAE4863-C071-4F19-B2B9-CAAC6A46E135}.Debug|Any CPU.Build.0 = Debug|Any CPU
		{AFAE4863-C071-4F19-B2B9-CAAC6A46E135}.Release|Any CPU.ActiveCfg = Release|Any CPU
		{AFAE4863-C071-4F19-B2B9-CAAC6A46E135}.Release|Any CPU.Build.0 = Release|Any CPU
		{86BF793F-CBD0-456E-AFCF-956256EFD4D8}.Debug|Any CPU.ActiveCfg = Debug|Any CPU
		{86BF793F-CBD0-456E-AFCF-956256EFD4D8}.Debug|Any CPU.Build.0 = Debug|Any CPU
		{86BF793F-CBD0-456E-AFCF-956256EFD4D8}.Release|Any CPU.ActiveCfg = Release|Any CPU
		{86BF793F-CBD0-456E-AFCF-956256EFD4D8}.Release|Any CPU.Build.0 = Release|Any CPU
		{D0A383E6-261E-4809-B876-35910631A174}.Debug|Any CPU.ActiveCfg = Debug|Any CPU
		{D0A383E6-261E-4809-B876-35910631A174}.Debug|Any CPU.Build.0 = Debug|Any CPU
		{D0A383E6-261E-4809-B876-35910631A174}.Release|Any CPU.ActiveCfg = Release|Any CPU
		{D0A383E6-261E-4809-B876-35910631A174}.Release|Any CPU.Build.0 = Release|Any CPU
		{C843ADDA-E484-4C8E-88F7-0FFD6B848A07}.Debug|Any CPU.ActiveCfg = Debug|Any CPU
		{C843ADDA-E484-4C8E-88F7-0FFD6B848A07}.Debug|Any CPU.Build.0 = Debug|Any CPU
		{C843ADDA-E484-4C8E-88F7-0FFD6B848A07}.Release|Any CPU.ActiveCfg = Release|Any CPU
		{C843ADDA-E484-4C8E-88F7-0FFD6B848A07}.Release|Any CPU.Build.0 = Release|Any CPU
		{66802FDE-46D6-493D-A6F0-CB9E0B529E6D}.Debug|Any CPU.ActiveCfg = Debug|Any CPU
		{66802FDE-46D6-493D-A6F0-CB9E0B529E6D}.Debug|Any CPU.Build.0 = Debug|Any CPU
		{66802FDE-46D6-493D-A6F0-CB9E0B529E6D}.Release|Any CPU.ActiveCfg = Release|Any CPU
		{66802FDE-46D6-493D-A6F0-CB9E0B529E6D}.Release|Any CPU.Build.0 = Release|Any CPU
		{8CEF7DEA-B0AA-430C-96E0-A957A28F432A}.Debug|Any CPU.ActiveCfg = Debug|Any CPU
		{8CEF7DEA-B0AA-430C-96E0-A957A28F432A}.Debug|Any CPU.Build.0 = Debug|Any CPU
		{8CEF7DEA-B0AA-430C-96E0-A957A28F432A}.Release|Any CPU.ActiveCfg = Release|Any CPU
		{8CEF7DEA-B0AA-430C-96E0-A957A28F432A}.Release|Any CPU.Build.0 = Release|Any CPU
		{44B08A14-EB0C-4A2E-A35C-FA6843ABBB7F}.Debug|Any CPU.ActiveCfg = Debug|Any CPU
		{44B08A14-EB0C-4A2E-A35C-FA6843ABBB7F}.Debug|Any CPU.Build.0 = Debug|Any CPU
		{44B08A14-EB0C-4A2E-A35C-FA6843ABBB7F}.Release|Any CPU.ActiveCfg = Release|Any CPU
		{44B08A14-EB0C-4A2E-A35C-FA6843ABBB7F}.Release|Any CPU.Build.0 = Release|Any CPU
		{6C0C52BE-9BC0-4B53-8045-D89E62E5EA63}.Debug|Any CPU.ActiveCfg = Debug|Any CPU
		{6C0C52BE-9BC0-4B53-8045-D89E62E5EA63}.Debug|Any CPU.Build.0 = Debug|Any CPU
		{6C0C52BE-9BC0-4B53-8045-D89E62E5EA63}.Release|Any CPU.ActiveCfg = Release|Any CPU
		{6C0C52BE-9BC0-4B53-8045-D89E62E5EA63}.Release|Any CPU.Build.0 = Release|Any CPU
		{6E71C1E2-656A-4BB4-9211-03511681E09F}.Debug|Any CPU.ActiveCfg = Debug|Any CPU
		{6E71C1E2-656A-4BB4-9211-03511681E09F}.Debug|Any CPU.Build.0 = Debug|Any CPU
		{6E71C1E2-656A-4BB4-9211-03511681E09F}.Release|Any CPU.ActiveCfg = Release|Any CPU
		{6E71C1E2-656A-4BB4-9211-03511681E09F}.Release|Any CPU.Build.0 = Release|Any CPU
		{ADBA45C6-F05E-4975-A5C1-BBCDB461BBD1}.Debug|Any CPU.ActiveCfg = Debug|Any CPU
		{ADBA45C6-F05E-4975-A5C1-BBCDB461BBD1}.Debug|Any CPU.Build.0 = Debug|Any CPU
		{ADBA45C6-F05E-4975-A5C1-BBCDB461BBD1}.Release|Any CPU.ActiveCfg = Release|Any CPU
		{ADBA45C6-F05E-4975-A5C1-BBCDB461BBD1}.Release|Any CPU.Build.0 = Release|Any CPU
		{DDF5480B-BD1F-4933-98D5-153C036E2BA9}.Debug|Any CPU.ActiveCfg = Debug|Any CPU
		{DDF5480B-BD1F-4933-98D5-153C036E2BA9}.Debug|Any CPU.Build.0 = Debug|Any CPU
		{DDF5480B-BD1F-4933-98D5-153C036E2BA9}.Release|Any CPU.ActiveCfg = Release|Any CPU
		{DDF5480B-BD1F-4933-98D5-153C036E2BA9}.Release|Any CPU.Build.0 = Release|Any CPU
		{E261A01A-53A6-4DB8-B0DB-F87BD3B99270}.Debug|Any CPU.ActiveCfg = Debug|Any CPU
		{E261A01A-53A6-4DB8-B0DB-F87BD3B99270}.Debug|Any CPU.Build.0 = Debug|Any CPU
		{E261A01A-53A6-4DB8-B0DB-F87BD3B99270}.Release|Any CPU.ActiveCfg = Release|Any CPU
		{E261A01A-53A6-4DB8-B0DB-F87BD3B99270}.Release|Any CPU.Build.0 = Release|Any CPU
		{493BFB79-342F-4FAB-90EB-7BF230D3C6BD}.Debug|Any CPU.ActiveCfg = Debug|Any CPU
		{493BFB79-342F-4FAB-90EB-7BF230D3C6BD}.Debug|Any CPU.Build.0 = Debug|Any CPU
		{493BFB79-342F-4FAB-90EB-7BF230D3C6BD}.Release|Any CPU.ActiveCfg = Release|Any CPU
		{493BFB79-342F-4FAB-90EB-7BF230D3C6BD}.Release|Any CPU.Build.0 = Release|Any CPU
		{F67A6E41-50C8-4C3B-B9EE-50E4FDC983B9}.Debug|Any CPU.ActiveCfg = Debug|Any CPU
		{F67A6E41-50C8-4C3B-B9EE-50E4FDC983B9}.Debug|Any CPU.Build.0 = Debug|Any CPU
		{F67A6E41-50C8-4C3B-B9EE-50E4FDC983B9}.Release|Any CPU.ActiveCfg = Release|Any CPU
		{F67A6E41-50C8-4C3B-B9EE-50E4FDC983B9}.Release|Any CPU.Build.0 = Release|Any CPU
	EndGlobalSection
	GlobalSection(NestedProjects) = preSolution
		{DBDB98C3-083C-4FBC-9890-47E9E2C085B6} = {CE81C782-5D38-4868-B0AC-4825C3E93046}
		{14957561-A724-4901-A083-112BA7E17EB8} = {707EB67C-C84B-44D7-A257-3BD21A41604E}
		{AFAE4863-C071-4F19-B2B9-CAAC6A46E135} = {CE81C782-5D38-4868-B0AC-4825C3E93046}
		{4FA71711-ADF2-4C11-B14D-62B7A5851C6A} = {E6BAE418-51AB-442C-B885-A9E38B3DCF5A}
		{585FDAD1-DAED-422F-A712-DF1B95A75247} = {E6BAE418-51AB-442C-B885-A9E38B3DCF5A}
		{EB62F160-B802-456D-B367-F1186A713AAE} = {E6BAE418-51AB-442C-B885-A9E38B3DCF5A}
		{86BF793F-CBD0-456E-AFCF-956256EFD4D8} = {C9E8FB7E-4EEC-45DD-8BAC-30D32EFEAED0}
		{D0A383E6-261E-4809-B876-35910631A174} = {C9E8FB7E-4EEC-45DD-8BAC-30D32EFEAED0}
		{C843ADDA-E484-4C8E-88F7-0FFD6B848A07} = {C9E8FB7E-4EEC-45DD-8BAC-30D32EFEAED0}
		{66802FDE-46D6-493D-A6F0-CB9E0B529E6D} = {A66F2442-00A1-467E-8D62-6DF298DE993F}
		{8CEF7DEA-B0AA-430C-96E0-A957A28F432A} = {A66F2442-00A1-467E-8D62-6DF298DE993F}
		{44B08A14-EB0C-4A2E-A35C-FA6843ABBB7F} = {A66F2442-00A1-467E-8D62-6DF298DE993F}
		{6C0C52BE-9BC0-4B53-8045-D89E62E5EA63} = {A66F2442-00A1-467E-8D62-6DF298DE993F}
		{6E71C1E2-656A-4BB4-9211-03511681E09F} = {585FDAD1-DAED-422F-A712-DF1B95A75247}
		{ADBA45C6-F05E-4975-A5C1-BBCDB461BBD1} = {585FDAD1-DAED-422F-A712-DF1B95A75247}
		{DDF5480B-BD1F-4933-98D5-153C036E2BA9} = {4FA71711-ADF2-4C11-B14D-62B7A5851C6A}
		{E261A01A-53A6-4DB8-B0DB-F87BD3B99270} = {EB62F160-B802-456D-B367-F1186A713AAE}
		{493BFB79-342F-4FAB-90EB-7BF230D3C6BD} = {EB62F160-B802-456D-B367-F1186A713AAE}
		{F67A6E41-50C8-4C3B-B9EE-50E4FDC983B9} = {EB62F160-B802-456D-B367-F1186A713AAE}
	EndGlobalSection
EndGlobal
