
Microsoft Visual Studio Solution File, Format Version 12.00
# Visual Studio Version 17
VisualStudioVersion = 17.0.31903.59
MinimumVisualStudioVersion = 10.0.40219.1
Project("{2150E333-8FDC-42A3-9474-1A3956D46DE8}") = "1-QuickStart", "1-QuickStart", "{CE81C782-5D38-4868-B0AC-4825C3E93046}"
EndProject
Project("{FAE04EC0-301F-11D3-BF4B-00C04F79EFBC}") = "Sender", "1-QuickStart\Sender\Sender.csproj", "{DBDB98C3-083C-4FBC-9890-47E9E2C085B6}"
EndProject
Project("{2150E333-8FDC-42A3-9474-1A3956D46DE8}") = "0-SharedCode", "0-SharedCode", "{707EB67C-C84B-44D7-A257-3BD21A41604E}"
EndProject
Project("{FAE04EC0-301F-11D3-BF4B-00C04F79EFBC}") = "Messages", "0-SharedCode\Messages\Messages.csproj", "{14957561-A724-4901-A083-112BA7E17EB8}"
EndProject
Project("{FAE04EC0-301F-11D3-BF4B-00C04F79EFBC}") = "Subscriber", "1-QuickStart\Subscriber\Subscriber.csproj", "{AFAE4863-C071-4F19-B2B9-CAAC6A46E135}"
EndProject
Project("{2150E333-8FDC-42A3-9474-1A3956D46DE8}") = "2-PublishAndSubscribe", "2-PublishAndSubscribe", "{E6BAE418-51AB-442C-B885-A9E38B3DCF5A}"
EndProject
Project("{FAE04EC0-301F-11D3-BF4B-00C04F79EFBC}") = "Publish", "Publish\Publish.csproj", "{A0DD1019-860B-427F-9B25-6BBB9DACB715}"
EndProject
Project("{FAE04EC0-301F-11D3-BF4B-00C04F79EFBC}") = "Subscribe", "Subscribe\Subscribe.csproj", "{2A62FCEF-EA62-45B7-9CA4-DF72725AA792}"
EndProject
Project("{FAE04EC0-301F-11D3-BF4B-00C04F79EFBC}") = "SubscribeAsync", "SubscribeAsync\SubscribeAsync.csproj", "{35CD7C66-9F19-4195-A06E-B0D9636E5069}"
EndProject
Project("{2150E333-8FDC-42A3-9474-1A3956D46DE8}") = "PublisherWithConfirmation", "PublisherWithConfirmation", "{4FA71711-ADF2-4C11-B14D-62B7A5851C6A}"
EndProject
Project("{FAE04EC0-301F-11D3-BF4B-00C04F79EFBC}") = "PublishConfirm", "PublishConfirm\PublishConfirm.csproj", "{FF4F7609-0797-4695-850A-CC09BFB1360A}"
EndProject
Project("{2150E333-8FDC-42A3-9474-1A3956D46DE8}") = "PolymorphicPublishAndSubscribe", "PolymorphicPublishAndSubscribe", "{585FDAD1-DAED-422F-A712-DF1B95A75247}"
EndProject
Project("{FAE04EC0-301F-11D3-BF4B-00C04F79EFBC}") = "PolymorphicPublish", "PolymorphicPublish\PolymorphicPublish.csproj", "{4A38AD99-E651-4407-91EE-93231DF525AC}"
EndProject
Project("{FAE04EC0-301F-11D3-BF4B-00C04F79EFBC}") = "PolymorphicSubscribe", "PolymorphicSubscribe\PolymorphicSubscribe.csproj", "{308B5BFB-AFFB-457D-A662-5071D44C9E08}"
EndProject
Global
	GlobalSection(SolutionConfigurationPlatforms) = preSolution
		Debug|Any CPU = Debug|Any CPU
		Release|Any CPU = Release|Any CPU
	EndGlobalSection
	GlobalSection(SolutionProperties) = preSolution
		HideSolutionNode = FALSE
	EndGlobalSection
	GlobalSection(ProjectConfigurationPlatforms) = postSolution
		{DBDB98C3-083C-4FBC-9890-47E9E2C085B6}.Debug|Any CPU.ActiveCfg = Debug|Any CPU
		{DBDB98C3-083C-4FBC-9890-47E9E2C085B6}.Debug|Any CPU.Build.0 = Debug|Any CPU
		{DBDB98C3-083C-4FBC-9890-47E9E2C085B6}.Release|Any CPU.ActiveCfg = Release|Any CPU
		{DBDB98C3-083C-4FBC-9890-47E9E2C085B6}.Release|Any CPU.Build.0 = Release|Any CPU
		{14957561-A724-4901-A083-112BA7E17EB8}.Debug|Any CPU.ActiveCfg = Debug|Any CPU
		{14957561-A724-4901-A083-112BA7E17EB8}.Debug|Any CPU.Build.0 = Debug|Any CPU
		{14957561-A724-4901-A083-112BA7E17EB8}.Release|Any CPU.ActiveCfg = Release|Any CPU
		{14957561-A724-4901-A083-112BA7E17EB8}.Release|Any CPU.Build.0 = Release|Any CPU
		{AFAE4863-C071-4F19-B2B9-CAAC6A46E135}.Debug|Any CPU.ActiveCfg = Debug|Any CPU
		{AFAE4863-C071-4F19-B2B9-CAAC6A46E135}.Debug|Any CPU.Build.0 = Debug|Any CPU
		{AFAE4863-C071-4F19-B2B9-CAAC6A46E135}.Release|Any CPU.ActiveCfg = Release|Any CPU
		{AFAE4863-C071-4F19-B2B9-CAAC6A46E135}.Release|Any CPU.Build.0 = Release|Any CPU
		{A0DD1019-860B-427F-9B25-6BBB9DACB715}.Debug|Any CPU.ActiveCfg = Debug|Any CPU
		{A0DD1019-860B-427F-9B25-6BBB9DACB715}.Debug|Any CPU.Build.0 = Debug|Any CPU
		{A0DD1019-860B-427F-9B25-6BBB9DACB715}.Release|Any CPU.ActiveCfg = Release|Any CPU
		{A0DD1019-860B-427F-9B25-6BBB9DACB715}.Release|Any CPU.Build.0 = Release|Any CPU
		{2A62FCEF-EA62-45B7-9CA4-DF72725AA792}.Debug|Any CPU.ActiveCfg = Debug|Any CPU
		{2A62FCEF-EA62-45B7-9CA4-DF72725AA792}.Debug|Any CPU.Build.0 = Debug|Any CPU
		{2A62FCEF-EA62-45B7-9CA4-DF72725AA792}.Release|Any CPU.ActiveCfg = Release|Any CPU
		{2A62FCEF-EA62-45B7-9CA4-DF72725AA792}.Release|Any CPU.Build.0 = Release|Any CPU
		{35CD7C66-9F19-4195-A06E-B0D9636E5069}.Debug|Any CPU.ActiveCfg = Debug|Any CPU
		{35CD7C66-9F19-4195-A06E-B0D9636E5069}.Debug|Any CPU.Build.0 = Debug|Any CPU
		{35CD7C66-9F19-4195-A06E-B0D9636E5069}.Release|Any CPU.ActiveCfg = Release|Any CPU
		{35CD7C66-9F19-4195-A06E-B0D9636E5069}.Release|Any CPU.Build.0 = Release|Any CPU
		{FF4F7609-0797-4695-850A-CC09BFB1360A}.Debug|Any CPU.ActiveCfg = Debug|Any CPU
		{FF4F7609-0797-4695-850A-CC09BFB1360A}.Debug|Any CPU.Build.0 = Debug|Any CPU
		{FF4F7609-0797-4695-850A-CC09BFB1360A}.Release|Any CPU.ActiveCfg = Release|Any CPU
		{FF4F7609-0797-4695-850A-CC09BFB1360A}.Release|Any CPU.Build.0 = Release|Any CPU
		{4A38AD99-E651-4407-91EE-93231DF525AC}.Debug|Any CPU.ActiveCfg = Debug|Any CPU
		{4A38AD99-E651-4407-91EE-93231DF525AC}.Debug|Any CPU.Build.0 = Debug|Any CPU
		{4A38AD99-E651-4407-91EE-93231DF525AC}.Release|Any CPU.ActiveCfg = Release|Any CPU
		{4A38AD99-E651-4407-91EE-93231DF525AC}.Release|Any CPU.Build.0 = Release|Any CPU
		{308B5BFB-AFFB-457D-A662-5071D44C9E08}.Debug|Any CPU.ActiveCfg = Debug|Any CPU
		{308B5BFB-AFFB-457D-A662-5071D44C9E08}.Debug|Any CPU.Build.0 = Debug|Any CPU
		{308B5BFB-AFFB-457D-A662-5071D44C9E08}.Release|Any CPU.ActiveCfg = Release|Any CPU
		{308B5BFB-AFFB-457D-A662-5071D44C9E08}.Release|Any CPU.Build.0 = Release|Any CPU
	EndGlobalSection
	GlobalSection(NestedProjects) = preSolution
		{DBDB98C3-083C-4FBC-9890-47E9E2C085B6} = {CE81C782-5D38-4868-B0AC-4825C3E93046}
		{14957561-A724-4901-A083-112BA7E17EB8} = {707EB67C-C84B-44D7-A257-3BD21A41604E}
		{AFAE4863-C071-4F19-B2B9-CAAC6A46E135} = {CE81C782-5D38-4868-B0AC-4825C3E93046}
		{A0DD1019-860B-427F-9B25-6BBB9DACB715} = {E6BAE418-51AB-442C-B885-A9E38B3DCF5A}
		{2A62FCEF-EA62-45B7-9CA4-DF72725AA792} = {E6BAE418-51AB-442C-B885-A9E38B3DCF5A}
		{35CD7C66-9F19-4195-A06E-B0D9636E5069} = {E6BAE418-51AB-442C-B885-A9E38B3DCF5A}
		{4FA71711-ADF2-4C11-B14D-62B7A5851C6A} = {E6BAE418-51AB-442C-B885-A9E38B3DCF5A}
		{FF4F7609-0797-4695-850A-CC09BFB1360A} = {4FA71711-ADF2-4C11-B14D-62B7A5851C6A}
		{585FDAD1-DAED-422F-A712-DF1B95A75247} = {E6BAE418-51AB-442C-B885-A9E38B3DCF5A}
		{4A38AD99-E651-4407-91EE-93231DF525AC} = {585FDAD1-DAED-422F-A712-DF1B95A75247}
		{308B5BFB-AFFB-457D-A662-5071D44C9E08} = {585FDAD1-DAED-422F-A712-DF1B95A75247}
	EndGlobalSection
EndGlobal
